
Microsoft Visual Studio Solution File, Format Version 11.00
# Visual Studio 2010
Project("{FAE04EC0-301F-11D3-BF4B-00C04F79EFBC}") = "Loaded Gun", "Assembly-CSharp-firstpass.csproj", "{735CCDEE-7E9A-DEA9-39D5-84A4B7EDDEF1}"
EndProject
Project("{FAE04EC0-301F-11D3-BF4B-00C04F79EFBC}") = "Loaded Gun", "Assembly-CSharp.csproj", "{351EF486-ABC8-F280-0D9E-05DDA33C7F9C}"
EndProject
Project("{FAE04EC0-301F-11D3-BF4B-00C04F79EFBC}") = "Loaded Gun", "Assembly-CSharp-Editor-firstpass.csproj", "{68C162B5-D272-E6F6-3EA3-7C33F8BB1B66}"
EndProject
Project("{FAE04EC0-301F-11D3-BF4B-00C04F79EFBC}") = "Loaded Gun", "Assembly-CSharp-Editor.csproj", "{DAA5C09D-3A40-D93C-B17A-1491388A6A23}"
EndProject
Global
	GlobalSection(SolutionConfigurationPlatforms) = preSolution
		Debug|Any CPU = Debug|Any CPU
		Release|Any CPU = Release|Any CPU
	EndGlobalSection
	GlobalSection(ProjectConfigurationPlatforms) = postSolution
		{735CCDEE-7E9A-DEA9-39D5-84A4B7EDDEF1}.Debug|Any CPU.ActiveCfg = Debug|Any CPU
		{735CCDEE-7E9A-DEA9-39D5-84A4B7EDDEF1}.Debug|Any CPU.Build.0 = Debug|Any CPU
		{735CCDEE-7E9A-DEA9-39D5-84A4B7EDDEF1}.Release|Any CPU.ActiveCfg = Release|Any CPU
		{735CCDEE-7E9A-DEA9-39D5-84A4B7EDDEF1}.Release|Any CPU.Build.0 = Release|Any CPU
		{351EF486-ABC8-F280-0D9E-05DDA33C7F9C}.Debug|Any CPU.ActiveCfg = Debug|Any CPU
		{351EF486-ABC8-F280-0D9E-05DDA33C7F9C}.Debug|Any CPU.Build.0 = Debug|Any CPU
		{351EF486-ABC8-F280-0D9E-05DDA33C7F9C}.Release|Any CPU.ActiveCfg = Release|Any CPU
		{351EF486-ABC8-F280-0D9E-05DDA33C7F9C}.Release|Any CPU.Build.0 = Release|Any CPU
		{68C162B5-D272-E6F6-3EA3-7C33F8BB1B66}.Debug|Any CPU.ActiveCfg = Debug|Any CPU
		{68C162B5-D272-E6F6-3EA3-7C33F8BB1B66}.Debug|Any CPU.Build.0 = Debug|Any CPU
		{68C162B5-D272-E6F6-3EA3-7C33F8BB1B66}.Release|Any CPU.ActiveCfg = Release|Any CPU
		{68C162B5-D272-E6F6-3EA3-7C33F8BB1B66}.Release|Any CPU.Build.0 = Release|Any CPU
		{DAA5C09D-3A40-D93C-B17A-1491388A6A23}.Debug|Any CPU.ActiveCfg = Debug|Any CPU
		{DAA5C09D-3A40-D93C-B17A-1491388A6A23}.Debug|Any CPU.Build.0 = Debug|Any CPU
		{DAA5C09D-3A40-D93C-B17A-1491388A6A23}.Release|Any CPU.ActiveCfg = Release|Any CPU
		{DAA5C09D-3A40-D93C-B17A-1491388A6A23}.Release|Any CPU.Build.0 = Release|Any CPU
	EndGlobalSection
	GlobalSection(SolutionProperties) = preSolution
		HideSolutionNode = FALSE
	EndGlobalSection
	GlobalSection(MonoDevelopProperties) = preSolution
		StartupItem = Assembly-CSharp.csproj
	EndGlobalSection
EndGlobal
